// !$*UTF8*$!
{
	archiveVersion = 1;
	classes = {
	};
	objectVersion = 50;
	objects = {

/* Begin PBXBuildFile section */
		84436C0620C5405F004475A2 /* AppDelegate.m in Sources */ = {isa = PBXBuildFile; fileRef = 84436C0520C5405F004475A2 /* AppDelegate.m */; };
		84436C0920C5405F004475A2 /* ViewController.m in Sources */ = {isa = PBXBuildFile; fileRef = 84436C0820C5405F004475A2 /* ViewController.m */; };
		84436C0C20C5405F004475A2 /* Main.storyboard in Resources */ = {isa = PBXBuildFile; fileRef = 84436C0A20C5405F004475A2 /* Main.storyboard */; };
		84436C0E20C54064004475A2 /* Assets.xcassets in Resources */ = {isa = PBXBuildFile; fileRef = 84436C0D20C54064004475A2 /* Assets.xcassets */; };
		84436C1120C54064004475A2 /* LaunchScreen.storyboard in Resources */ = {isa = PBXBuildFile; fileRef = 84436C0F20C54064004475A2 /* LaunchScreen.storyboard */; };
		84436C1420C54064004475A2 /* main.m in Sources */ = {isa = PBXBuildFile; fileRef = 84436C1320C54064004475A2 /* main.m */; };
		84436C3B20C68376004475A2 /* TestJokeSDK.podspec in Resources */ = {isa = PBXBuildFile; fileRef = 84436C3A20C68376004475A2 /* TestJokeSDK.podspec */; };
		855B65C319F9730336A02722 /* libPods-TestJokeSDK.a in Frameworks */ = {isa = PBXBuildFile; fileRef = E41F6E44F49F92FBE9382515 /* libPods-TestJokeSDK.a */; };
/* End PBXBuildFile section */

/* Begin PBXFileReference section */
		02053DF7D689BC61A733AA11 /* Pods-TestJokeSDK.release.xcconfig */ = {isa = PBXFileReference; includeInIndex = 1; lastKnownFileType = text.xcconfig; name = "Pods-TestJokeSDK.release.xcconfig"; path = "Pods/Target Support Files/Pods-TestJokeSDK/Pods-TestJokeSDK.release.xcconfig"; sourceTree = "<group>"; };
		84436C0120C5405F004475A2 /* TestJokeSDK.app */ = {isa = PBXFileReference; explicitFileType = wrapper.application; includeInIndex = 0; path = TestJokeSDK.app; sourceTree = BUILT_PRODUCTS_DIR; };
		84436C0420C5405F004475A2 /* AppDelegate.h */ = {isa = PBXFileReference; lastKnownFileType = sourcecode.c.h; path = AppDelegate.h; sourceTree = "<group>"; };
		84436C0520C5405F004475A2 /* AppDelegate.m */ = {isa = PBXFileReference; lastKnownFileType = sourcecode.c.objc; path = AppDelegate.m; sourceTree = "<group>"; };
		84436C0720C5405F004475A2 /* ViewController.h */ = {isa = PBXFileReference; lastKnownFileType = sourcecode.c.h; path = ViewController.h; sourceTree = "<group>"; };
		84436C0820C5405F004475A2 /* ViewController.m */ = {isa = PBXFileReference; lastKnownFileType = sourcecode.c.objc; path = ViewController.m; sourceTree = "<group>"; };
		84436C0B20C5405F004475A2 /* Base */ = {isa = PBXFileReference; lastKnownFileType = file.storyboard; name = Base; path = Base.lproj/Main.storyboard; sourceTree = "<group>"; };
		84436C0D20C54064004475A2 /* Assets.xcassets */ = {isa = PBXFileReference; lastKnownFileType = folder.assetcatalog; path = Assets.xcassets; sourceTree = "<group>"; };
		84436C1020C54064004475A2 /* Base */ = {isa = PBXFileReference; lastKnownFileType = file.storyboard; name = Base; path = Base.lproj/LaunchScreen.storyboard; sourceTree = "<group>"; };
		84436C1220C54064004475A2 /* Info.plist */ = {isa = PBXFileReference; lastKnownFileType = text.plist.xml; path = Info.plist; sourceTree = "<group>"; };
		84436C1320C54064004475A2 /* main.m */ = {isa = PBXFileReference; lastKnownFileType = sourcecode.c.objc; path = main.m; sourceTree = "<group>"; };
		84436C3A20C68376004475A2 /* TestJokeSDK.podspec */ = {isa = PBXFileReference; fileEncoding = 4; lastKnownFileType = text; path = TestJokeSDK.podspec; sourceTree = "<group>"; };
		E41F6E44F49F92FBE9382515 /* libPods-TestJokeSDK.a */ = {isa = PBXFileReference; explicitFileType = archive.ar; includeInIndex = 0; path = "libPods-TestJokeSDK.a"; sourceTree = BUILT_PRODUCTS_DIR; };
		F51875A83A68D16A90EF0F9C /* Pods-TestJokeSDK.debug.xcconfig */ = {isa = PBXFileReference; includeInIndex = 1; lastKnownFileType = text.xcconfig; name = "Pods-TestJokeSDK.debug.xcconfig"; path = "Pods/Target Support Files/Pods-TestJokeSDK/Pods-TestJokeSDK.debug.xcconfig"; sourceTree = "<group>"; };
/* End PBXFileReference section */

/* Begin PBXFrameworksBuildPhase section */
		84436BFE20C5405F004475A2 /* Frameworks */ = {
			isa = PBXFrameworksBuildPhase;
			buildActionMask = 2147483647;
			files = (
				855B65C319F9730336A02722 /* libPods-TestJokeSDK.a in Frameworks */,
			);
			runOnlyForDeploymentPostprocessing = 0;
		};
/* End PBXFrameworksBuildPhase section */

/* Begin PBXGroup section */
		0AE4F93B256A036F01E03C4F /* Frameworks */ = {
			isa = PBXGroup;
			children = (
				E41F6E44F49F92FBE9382515 /* libPods-TestJokeSDK.a */,
			);
			name = Frameworks;
			sourceTree = "<group>";
		};
		84436BF820C5405F004475A2 = {
			isa = PBXGroup;
			children = (
				84436C3A20C68376004475A2 /* TestJokeSDK.podspec */,
				84436C0320C5405F004475A2 /* TestJokeSDK */,
				84436C0220C5405F004475A2 /* Products */,
				FC8F6386EB456D78C164C012 /* Pods */,
				0AE4F93B256A036F01E03C4F /* Frameworks */,
			);
			sourceTree = "<group>";
		};
		84436C0220C5405F004475A2 /* Products */ = {
			isa = PBXGroup;
			children = (
				84436C0120C5405F004475A2 /* TestJokeSDK.app */,
			);
			name = Products;
			sourceTree = "<group>";
		};
		84436C0320C5405F004475A2 /* TestJokeSDK */ = {
			isa = PBXGroup;
			children = (
				84436C0420C5405F004475A2 /* AppDelegate.h */,
				84436C0520C5405F004475A2 /* AppDelegate.m */,
				84436C0720C5405F004475A2 /* ViewController.h */,
				84436C0820C5405F004475A2 /* ViewController.m */,
				84436C0A20C5405F004475A2 /* Main.storyboard */,
				84436C0D20C54064004475A2 /* Assets.xcassets */,
				84436C0F20C54064004475A2 /* LaunchScreen.storyboard */,
				84436C1220C54064004475A2 /* Info.plist */,
				84436C1320C54064004475A2 /* main.m */,
			);
			path = TestJokeSDK;
			sourceTree = "<group>";
		};
		FC8F6386EB456D78C164C012 /* Pods */ = {
			isa = PBXGroup;
			children = (
				F51875A83A68D16A90EF0F9C /* Pods-TestJokeSDK.debug.xcconfig */,
				02053DF7D689BC61A733AA11 /* Pods-TestJokeSDK.release.xcconfig */,
			);
			name = Pods;
			sourceTree = "<group>";
		};
/* End PBXGroup section */

/* Begin PBXNativeTarget section */
		84436C0020C5405F004475A2 /* TestJokeSDK */ = {
			isa = PBXNativeTarget;
			buildConfigurationList = 84436C1720C54064004475A2 /* Build configuration list for PBXNativeTarget "TestJokeSDK" */;
			buildPhases = (
				2C29E509D7F7618E38B1D104 /* [CP] Check Pods Manifest.lock */,
				84436BFD20C5405F004475A2 /* Sources */,
				84436BFE20C5405F004475A2 /* Frameworks */,
				84436BFF20C5405F004475A2 /* Resources */,
				537A56EF2808A8E098849580 /* [CP] Copy Pods Resources */,
			);
			buildRules = (
			);
			dependencies = (
			);
			name = TestJokeSDK;
			productName = TestJokeSDK;
			productReference = 84436C0120C5405F004475A2 /* TestJokeSDK.app */;
			productType = "com.apple.product-type.application";
		};
/* End PBXNativeTarget section */

/* Begin PBXProject section */
		84436BF920C5405F004475A2 /* Project object */ = {
			isa = PBXProject;
			attributes = {
				LastUpgradeCheck = 0940;
				ORGANIZATIONNAME = iMac;
				TargetAttributes = {
					84436C0020C5405F004475A2 = {
						CreatedOnToolsVersion = 9.4;
					};
				};
			};
			buildConfigurationList = 84436BFC20C5405F004475A2 /* Build configuration list for PBXProject "TestJokeSDK" */;
			compatibilityVersion = "Xcode 9.3";
			developmentRegion = en;
			hasScannedForEncodings = 0;
			knownRegions = (
				en,
				Base,
			);
			mainGroup = 84436BF820C5405F004475A2;
			productRefGroup = 84436C0220C5405F004475A2 /* Products */;
			projectDirPath = "";
			projectRoot = "";
			targets = (
				84436C0020C5405F004475A2 /* TestJokeSDK */,
			);
		};
/* End PBXProject section */

/* Begin PBXResourcesBuildPhase section */
		84436BFF20C5405F004475A2 /* Resources */ = {
			isa = PBXResourcesBuildPhase;
			buildActionMask = 2147483647;
			files = (
				84436C1120C54064004475A2 /* LaunchScreen.storyboard in Resources */,
				84436C0E20C54064004475A2 /* Assets.xcassets in Resources */,
				84436C3B20C68376004475A2 /* TestJokeSDK.podspec in Resources */,
				84436C0C20C5405F004475A2 /* Main.storyboard in Resources */,
			);
			runOnlyForDeploymentPostprocessing = 0;
		};
/* End PBXResourcesBuildPhase section */

/* Begin PBXShellScriptBuildPhase section */
		2C29E509D7F7618E38B1D104 /* [CP] Check Pods Manifest.lock */ = {
			isa = PBXShellScriptBuildPhase;
			buildActionMask = 2147483647;
			files = (
			);
			inputPaths = (
				"${PODS_PODFILE_DIR_PATH}/Podfile.lock",
				"${PODS_ROOT}/Manifest.lock",
			);
			name = "[CP] Check Pods Manifest.lock";
			outputPaths = (
				"$(DERIVED_FILE_DIR)/Pods-TestJokeSDK-checkManifestLockResult.txt",
			);
			runOnlyForDeploymentPostprocessing = 0;
			shellPath = /bin/sh;
			shellScript = "diff \"${PODS_PODFILE_DIR_PATH}/Podfile.lock\" \"${PODS_ROOT}/Manifest.lock\" > /dev/null\nif [ $? != 0 ] ; then\n    # print error to STDERR\n    echo \"error: The sandbox is not in sync with the Podfile.lock. Run 'pod install' or update your CocoaPods installation.\" >&2\n    exit 1\nfi\n# This output is used by Xcode 'outputs' to avoid re-running this script phase.\necho \"SUCCESS\" > \"${SCRIPT_OUTPUT_FILE_0}\"\n";
			showEnvVarsInLog = 0;
		};
		537A56EF2808A8E098849580 /* [CP] Copy Pods Resources */ = {
			isa = PBXShellScriptBuildPhase;
			buildActionMask = 2147483647;
			files = (
			);
			inputPaths = (
				"${SRCROOT}/Pods/Target Support Files/Pods-TestJokeSDK/Pods-TestJokeSDK-resources.sh",
				"${PODS_ROOT}/FBSDKCoreKit/FacebookSDKStrings.bundle",
				"${PODS_ROOT}/GTMOAuth2/Source/Touch/GTMOAuth2ViewTouch.xib",
				"${PODS_ROOT}/GoogleSignIn/Resources/GoogleSignIn.bundle",
				"${PODS_CONFIGURATION_BUILD_DIR}/JGProgressHUD/JGProgressHUD.bundle",
				"${PODS_ROOT}/MJRefresh/MJRefresh/MJRefresh.bundle",
				"${PODS_ROOT}/TestJokeSDK/Assets/HeroCoinResources.bundle",
			);
			name = "[CP] Copy Pods Resources";
			outputPaths = (
				"${TARGET_BUILD_DIR}/${UNLOCALIZED_RESOURCES_FOLDER_PATH}/FacebookSDKStrings.bundle",
				"${TARGET_BUILD_DIR}/${UNLOCALIZED_RESOURCES_FOLDER_PATH}/GTMOAuth2ViewTouch.nib",
				"${TARGET_BUILD_DIR}/${UNLOCALIZED_RESOURCES_FOLDER_PATH}/GoogleSignIn.bundle",
				"${TARGET_BUILD_DIR}/${UNLOCALIZED_RESOURCES_FOLDER_PATH}/JGProgressHUD.bundle",
				"${TARGET_BUILD_DIR}/${UNLOCALIZED_RESOURCES_FOLDER_PATH}/MJRefresh.bundle",
				"${TARGET_BUILD_DIR}/${UNLOCALIZED_RESOURCES_FOLDER_PATH}/HeroCoinResources.bundle",
			);
			runOnlyForDeploymentPostprocessing = 0;
			shellPath = /bin/sh;
			shellScript = "\"${SRCROOT}/Pods/Target Support Files/Pods-TestJokeSDK/Pods-TestJokeSDK-resources.sh\"\n";
			showEnvVarsInLog = 0;
		};
/* End PBXShellScriptBuildPhase section */

/* Begin PBXSourcesBuildPhase section */
		84436BFD20C5405F004475A2 /* Sources */ = {
			isa = PBXSourcesBuildPhase;
			buildActionMask = 2147483647;
			files = (
				84436C0920C5405F004475A2 /* ViewController.m in Sources */,
				84436C1420C54064004475A2 /* main.m in Sources */,
				84436C0620C5405F004475A2 /* AppDelegate.m in Sources */,
			);
			runOnlyForDeploymentPostprocessing = 0;
		};
/* End PBXSourcesBuildPhase section */

/* Begin PBXVariantGroup section */
		84436C0A20C5405F004475A2 /* Main.storyboard */ = {
			isa = PBXVariantGroup;
			children = (
				84436C0B20C5405F004475A2 /* Base */,
			);
			name = Main.storyboard;
			sourceTree = "<group>";
		};
		84436C0F20C54064004475A2 /* LaunchScreen.storyboard */ = {
			isa = PBXVariantGroup;
			children = (
				84436C1020C54064004475A2 /* Base */,
			);
			name = LaunchScreen.storyboard;
			sourceTree = "<group>";
		};
/* End PBXVariantGroup section */

/* Begin XCBuildConfiguration section */
		84436C1520C54064004475A2 /* Debug */ = {
			isa = XCBuildConfiguration;
			buildSettings = {
				ALWAYS_SEARCH_USER_PATHS = NO;
				CLANG_ANALYZER_NONNULL = YES;
				CLANG_ANALYZER_NUMBER_OBJECT_CONVERSION = YES_AGGRESSIVE;
				CLANG_CXX_LANGUAGE_STANDARD = "gnu++14";
				CLANG_CXX_LIBRARY = "libc++";
				CLANG_ENABLE_MODULES = YES;
				CLANG_ENABLE_OBJC_ARC = YES;
				CLANG_ENABLE_OBJC_WEAK = YES;
				CLANG_WARN_BLOCK_CAPTURE_AUTORELEASING = YES;
				CLANG_WARN_BOOL_CONVERSION = YES;
				CLANG_WARN_COMMA = YES;
				CLANG_WARN_CONSTANT_CONVERSION = YES;
				CLANG_WARN_DEPRECATED_OBJC_IMPLEMENTATIONS = YES;
				CLANG_WARN_DIRECT_OBJC_ISA_USAGE = YES_ERROR;
				CLANG_WARN_DOCUMENTATION_COMMENTS = YES;
				CLANG_WARN_EMPTY_BODY = YES;
				CLANG_WARN_ENUM_CONVERSION = YES;
				CLANG_WARN_INFINITE_RECURSION = YES;
				CLANG_WARN_INT_CONVERSION = YES;
				CLANG_WARN_NON_LITERAL_NULL_CONVERSION = YES;
				CLANG_WARN_OBJC_IMPLICIT_RETAIN_SELF = YES;
				CLANG_WARN_OBJC_LITERAL_CONVERSION = YES;
				CLANG_WARN_OBJC_ROOT_CLASS = YES_ERROR;
				CLANG_WARN_RANGE_LOOP_ANALYSIS = YES;
				CLANG_WARN_STRICT_PROTOTYPES = YES;
				CLANG_WARN_SUSPICIOUS_MOVE = YES;
				CLANG_WARN_UNGUARDED_AVAILABILITY = YES_AGGRESSIVE;
				CLANG_WARN_UNREACHABLE_CODE = YES;
				CLANG_WARN__DUPLICATE_METHOD_MATCH = YES;
				CODE_SIGN_IDENTITY = "iPhone Developer";
				COPY_PHASE_STRIP = NO;
				DEBUG_INFORMATION_FORMAT = dwarf;
				ENABLE_STRICT_OBJC_MSGSEND = YES;
				ENABLE_TESTABILITY = YES;
				GCC_C_LANGUAGE_STANDARD = gnu11;
				GCC_DYNAMIC_NO_PIC = NO;
				GCC_NO_COMMON_BLOCKS = YES;
				GCC_OPTIMIZATION_LEVEL = 0;
				GCC_PREPROCESSOR_DEFINITIONS = (
					"DEBUG=1",
					"$(inherited)",
				);
				GCC_WARN_64_TO_32_BIT_CONVERSION = YES;
				GCC_WARN_ABOUT_RETURN_TYPE = YES_ERROR;
				GCC_WARN_UNDECLARED_SELECTOR = YES;
				GCC_WARN_UNINITIALIZED_AUTOS = YES_AGGRESSIVE;
				GCC_WARN_UNUSED_FUNCTION = YES;
				GCC_WARN_UNUSED_VARIABLE = YES;
				IPHONEOS_DEPLOYMENT_TARGET = 11.4;
				MTL_ENABLE_DEBUG_INFO = YES;
				ONLY_ACTIVE_ARCH = YES;
				SDKROOT = iphoneos;
			};
			name = Debug;
		};
		84436C1620C54064004475A2 /* Release */ = {
			isa = XCBuildConfiguration;
			buildSettings = {
				ALWAYS_SEARCH_USER_PATHS = NO;
				CLANG_ANALYZER_NONNULL = YES;
				CLANG_ANALYZER_NUMBER_OBJECT_CONVERSION = YES_AGGRESSIVE;
				CLANG_CXX_LANGUAGE_STANDARD = "gnu++14";
				CLANG_CXX_LIBRARY = "libc++";
				CLANG_ENABLE_MODULES = YES;
				CLANG_ENABLE_OBJC_ARC = YES;
				CLANG_ENABLE_OBJC_WEAK = YES;
				CLANG_WARN_BLOCK_CAPTURE_AUTORELEASING = YES;
				CLANG_WARN_BOOL_CONVERSION = YES;
				CLANG_WARN_COMMA = YES;
				CLANG_WARN_CONSTANT_CONVERSION = YES;
				CLANG_WARN_DEPRECATED_OBJC_IMPLEMENTATIONS = YES;
				CLANG_WARN_DIRECT_OBJC_ISA_USAGE = YES_ERROR;
				CLANG_WARN_DOCUMENTATION_COMMENTS = YES;
				CLANG_WARN_EMPTY_BODY = YES;
				CLANG_WARN_ENUM_CONVERSION = YES;
				CLANG_WARN_INFINITE_RECURSION = YES;
				CLANG_WARN_INT_CONVERSION = YES;
				CLANG_WARN_NON_LITERAL_NULL_CONVERSION = YES;
				CLANG_WARN_OBJC_IMPLICIT_RETAIN_SELF = YES;
				CLANG_WARN_OBJC_LITERAL_CONVERSION = YES;
				CLANG_WARN_OBJC_ROOT_CLASS = YES_ERROR;
				CLANG_WARN_RANGE_LOOP_ANALYSIS = YES;
				CLANG_WARN_STRICT_PROTOTYPES = YES;
				CLANG_WARN_SUSPICIOUS_MOVE = YES;
				CLANG_WARN_UNGUARDED_AVAILABILITY = YES_AGGRESSIVE;
				CLANG_WARN_UNREACHABLE_CODE = YES;
				CLANG_WARN__DUPLICATE_METHOD_MATCH = YES;
				CODE_SIGN_IDENTITY = "iPhone Developer";
				COPY_PHASE_STRIP = NO;
				DEBUG_INFORMATION_FORMAT = "dwarf-with-dsym";
				ENABLE_NS_ASSERTIONS = NO;
				ENABLE_STRICT_OBJC_MSGSEND = YES;
				GCC_C_LANGUAGE_STANDARD = gnu11;
				GCC_NO_COMMON_BLOCKS = YES;
				GCC_WARN_64_TO_32_BIT_CONVERSION = YES;
				GCC_WARN_ABOUT_RETURN_TYPE = YES_ERROR;
				GCC_WARN_UNDECLARED_SELECTOR = YES;
				GCC_WARN_UNINITIALIZED_AUTOS = YES_AGGRESSIVE;
				GCC_WARN_UNUSED_FUNCTION = YES;
				GCC_WARN_UNUSED_VARIABLE = YES;
				IPHONEOS_DEPLOYMENT_TARGET = 11.4;
				MTL_ENABLE_DEBUG_INFO = NO;
				SDKROOT = iphoneos;
				VALIDATE_PRODUCT = YES;
			};
			name = Release;
		};
		84436C1820C54064004475A2 /* Debug */ = {
			isa = XCBuildConfiguration;
			baseConfigurationReference = F51875A83A68D16A90EF0F9C /* Pods-TestJokeSDK.debug.xcconfig */;
			buildSettings = {
				ASSETCATALOG_COMPILER_APPICON_NAME = AppIcon;
				CODE_SIGN_STYLE = Automatic;
				FRAMEWORK_SEARCH_PATHS = (
					"$(inherited)",
					"$(PROJECT_DIR)/Classes",
				);
				INFOPLIST_FILE = TestJokeSDK/Info.plist;
				LD_RUNPATH_SEARCH_PATHS = (
					"$(inherited)",
					"@executable_path/Frameworks",
				);
				PRODUCT_BUNDLE_IDENTIFIER = com.yingxiong.TestJokeSDK;
				PRODUCT_NAME = "$(TARGET_NAME)";
				TARGETED_DEVICE_FAMILY = "1,2";
			};
			name = Debug;
		};
		84436C1920C54064004475A2 /* Release */ = {
			isa = XCBuildConfiguration;
			baseConfigurationReference = 02053DF7D689BC61A733AA11 /* Pods-TestJokeSDK.release.xcconfig */;
			buildSettings = {
				ASSETCATALOG_COMPILER_APPICON_NAME = AppIcon;
				CODE_SIGN_STYLE = Automatic;
				FRAMEWORK_SEARCH_PATHS = (
					"$(inherited)",
					"$(PROJECT_DIR)/Classes",
				);
				INFOPLIST_FILE = TestJokeSDK/Info.plist;
				LD_RUNPATH_SEARCH_PATHS = (
					"$(inherited)",
					"@executable_path/Frameworks",
				);
				PRODUCT_BUNDLE_IDENTIFIER = com.yingxiong.TestJokeSDK;
				PRODUCT_NAME = "$(TARGET_NAME)";
				TARGETED_DEVICE_FAMILY = "1,2";
			};
			name = Release;
		};
/* End XCBuildConfiguration section */

/* Begin XCConfigurationList section */
		84436BFC20C5405F004475A2 /* Build configuration list for PBXProject "TestJokeSDK" */ = {
			isa = XCConfigurationList;
			buildConfigurations = (
				84436C1520C54064004475A2 /* Debug */,
				84436C1620C54064004475A2 /* Release */,
			);
			defaultConfigurationIsVisible = 0;
			defaultConfigurationName = Release;
		};
		84436C1720C54064004475A2 /* Build configuration list for PBXNativeTarget "TestJokeSDK" */ = {
			isa = XCConfigurationList;
			buildConfigurations = (
				84436C1820C54064004475A2 /* Debug */,
				84436C1920C54064004475A2 /* Release */,
			);
			defaultConfigurationIsVisible = 0;
			defaultConfigurationName = Release;
		};
/* End XCConfigurationList section */
	};
	rootObject = 84436BF920C5405F004475A2 /* Project object */;
}
